
Microsoft Visual Studio Solution File, Format Version 12.00
# Visual Studio Version 17
VisualStudioVersion = 17.6.33815.320
MinimumVisualStudioVersion = 10.0.40219.1
Project("{9A19103F-16F7-4668-BE54-9A1E7A4F7556}") = "RazorPurchaseOrdersApp", "RazorPurchaseOrdersApp.csproj", "{E29F8379-817A-414E-BCD0-14608400E954}"
EndProject
Global
	GlobalSection(SolutionConfigurationPlatforms) = preSolution
		Debug|Any CPU = Debug|Any CPU
		Release|Any CPU = Release|Any CPU
	EndGlobalSection
	GlobalSection(ProjectConfigurationPlatforms) = postSolution
		{E29F8379-817A-414E-BCD0-14608400E954}.Debug|Any CPU.ActiveCfg = Debug|Any CPU
		{E29F8379-817A-414E-BCD0-14608400E954}.Debug|Any CPU.Build.0 = Debug|Any CPU
		{E29F8379-817A-414E-BCD0-14608400E954}.Release|Any CPU.ActiveCfg = Release|Any CPU
		{E29F8379-817A-414E-BCD0-14608400E954}.Release|Any CPU.Build.0 = Release|Any CPU
	EndGlobalSection
	GlobalSection(SolutionProperties) = preSolution
		HideSolutionNode = FALSE
	EndGlobalSection
	GlobalSection(ExtensibilityGlobals) = postSolution
		SolutionGuid = {DE81D330-1063-474C-8B35-70A82BF36C5E}
	EndGlobalSection
EndGlobal
